
Microsoft Visual Studio Solution File, Format Version 12.00
# Visual Studio Version 16
VisualStudioVersion = 16.0.29905.134
MinimumVisualStudioVersion = 10.0.40219.1
Project("{9A19103F-16F7-4668-BE54-9A1E7A4F7556}") = "DHDA.Api", "DHDA.Api.csproj", "{42F776D7-DEC1-46DE-839E-7E135627ACDF}"
EndProject
Global
	GlobalSection(SolutionConfigurationPlatforms) = preSolution
		Debug|Any CPU = Debug|Any CPU
		Release|Any CPU = Release|Any CPU
	EndGlobalSection
	GlobalSection(ProjectConfigurationPlatforms) = postSolution
		{42F776D7-DEC1-46DE-839E-7E135627ACDF}.Debug|Any CPU.ActiveCfg = Debug|Any CPU
		{42F776D7-DEC1-46DE-839E-7E135627ACDF}.Debug|Any CPU.Build.0 = Debug|Any CPU
		{42F776D7-DEC1-46DE-839E-7E135627ACDF}.Release|Any CPU.ActiveCfg = Release|Any CPU
		{42F776D7-DEC1-46DE-839E-7E135627ACDF}.Release|Any CPU.Build.0 = Release|Any CPU
	EndGlobalSection
	GlobalSection(SolutionProperties) = preSolution
		HideSolutionNode = FALSE
	EndGlobalSection
	GlobalSection(ExtensibilityGlobals) = postSolution
		SolutionGuid = {D32D77E1-016A-4F25-A4C3-B9819BFE9B3C}
	EndGlobalSection
EndGlobal
